
Microsoft Visual Studio Solution File, Format Version 12.00
# Visual Studio Version 17
VisualStudioVersion = 17.14.36414.22 d17.14
MinimumVisualStudioVersion = 10.0.40219.1
Project("{FAE04EC0-301F-11D3-BF4B-00C04F79EFBC}") = "CustomerManager", "CustomerManager.csproj", "{D6A6ABA0-6CF3-4DB9-9470-1AD20746B648}"
EndProject
Global
	GlobalSection(SolutionConfigurationPlatforms) = preSolution
		Debug|Any CPU = Debug|Any CPU
		Release|Any CPU = Release|Any CPU
	EndGlobalSection
	GlobalSection(ProjectConfigurationPlatforms) = postSolution
		{D6A6ABA0-6CF3-4DB9-9470-1AD20746B648}.Debug|Any CPU.ActiveCfg = Debug|Any CPU
		{D6A6ABA0-6CF3-4DB9-9470-1AD20746B648}.Debug|Any CPU.Build.0 = Debug|Any CPU
		{D6A6ABA0-6CF3-4DB9-9470-1AD20746B648}.Release|Any CPU.ActiveCfg = Release|Any CPU
		{D6A6ABA0-6CF3-4DB9-9470-1AD20746B648}.Release|Any CPU.Build.0 = Release|Any CPU
	EndGlobalSection
	GlobalSection(SolutionProperties) = preSolution
		HideSolutionNode = FALSE
	EndGlobalSection
	GlobalSection(ExtensibilityGlobals) = postSolution
		SolutionGuid = {B375C0F1-D14E-4BA8-B56D-A6C45F7255A8}
	EndGlobalSection
EndGlobal
